
Microsoft Visual Studio Solution File, Format Version 12.00
# Visual Studio Version 16
VisualStudioVersion = 16.0.29411.108
MinimumVisualStudioVersion = 10.0.40219.1
Project("{FAE04EC0-301F-11D3-BF4B-00C04F79EFBC}") = "ContactWeb472", "ContactWeb472\ContactWeb472.csproj", "{A405D5B8-1E75-4A36-8282-4507769F1E99}"
EndProject
Global
	GlobalSection(SolutionConfigurationPlatforms) = preSolution
		Debug|Any CPU = Debug|Any CPU
		Release|Any CPU = Release|Any CPU
	EndGlobalSection
	GlobalSection(ProjectConfigurationPlatforms) = postSolution
		{A405D5B8-1E75-4A36-8282-4507769F1E99}.Debug|Any CPU.ActiveCfg = Debug|Any CPU
		{A405D5B8-1E75-4A36-8282-4507769F1E99}.Debug|Any CPU.Build.0 = Debug|Any CPU
		{A405D5B8-1E75-4A36-8282-4507769F1E99}.Release|Any CPU.ActiveCfg = Release|Any CPU
		{A405D5B8-1E75-4A36-8282-4507769F1E99}.Release|Any CPU.Build.0 = Release|Any CPU
	EndGlobalSection
	GlobalSection(SolutionProperties) = preSolution
		HideSolutionNode = FALSE
	EndGlobalSection
	GlobalSection(ExtensibilityGlobals) = postSolution
		SolutionGuid = {D810D941-3EB9-4CA1-910C-0496D5C511EF}
	EndGlobalSection
EndGlobal
